
Microsoft Visual Studio Solution File, Format Version 11.00
# Visual Studio 2010
Project("{FAE04EC0-301F-11D3-BF4B-00C04F79EFBC}") = "Assembly-CSharp", "Assembly-CSharp.csproj", "{94F79F85-49A0-DFFE-8353-FAAA0CD86313}"
EndProject
Project("{FAE04EC0-301F-11D3-BF4B-00C04F79EFBC}") = "Assembly-CSharp-Editor", "Assembly-CSharp-Editor.csproj", "{D2262E17-7F1C-0A1B-54CC-B8A7B89DF30C}"
EndProject
Global
	GlobalSection(SolutionConfigurationPlatforms) = preSolution
		Debug|Any CPU = Debug|Any CPU
		Release|Any CPU = Release|Any CPU
	EndGlobalSection
	GlobalSection(ProjectConfigurationPlatforms) = postSolution
		{94F79F85-49A0-DFFE-8353-FAAA0CD86313}.Debug|Any CPU.ActiveCfg = Debug|Any CPU
		{94F79F85-49A0-DFFE-8353-FAAA0CD86313}.Debug|Any CPU.Build.0 = Debug|Any CPU
		{94F79F85-49A0-DFFE-8353-FAAA0CD86313}.Release|Any CPU.ActiveCfg = Release|Any CPU
		{94F79F85-49A0-DFFE-8353-FAAA0CD86313}.Release|Any CPU.Build.0 = Release|Any CPU
		{D2262E17-7F1C-0A1B-54CC-B8A7B89DF30C}.Debug|Any CPU.ActiveCfg = Debug|Any CPU
		{D2262E17-7F1C-0A1B-54CC-B8A7B89DF30C}.Debug|Any CPU.Build.0 = Debug|Any CPU
		{D2262E17-7F1C-0A1B-54CC-B8A7B89DF30C}.Release|Any CPU.ActiveCfg = Release|Any CPU
		{D2262E17-7F1C-0A1B-54CC-B8A7B89DF30C}.Release|Any CPU.Build.0 = Release|Any CPU
	EndGlobalSection
	GlobalSection(SolutionProperties) = preSolution
		HideSolutionNode = FALSE
	EndGlobalSection
EndGlobal
